
Microsoft Visual Studio Solution File, Format Version 12.00
# Visual Studio Version 17
VisualStudioVersion = 17.7.34221.43
MinimumVisualStudioVersion = 10.0.40219.1
Project("{FAE04EC0-301F-11D3-BF4B-00C04F79EFBC}") = "AdessoCoddingChallenge", "AdessoCoddingChallenge\AdessoCoddingChallenge.csproj", "{26BA1EB9-1EC3-4B31-8E3D-F76DAC8D8967}"
EndProject
Global
	GlobalSection(SolutionConfigurationPlatforms) = preSolution
		Debug|Any CPU = Debug|Any CPU
		Release|Any CPU = Release|Any CPU
	EndGlobalSection
	GlobalSection(ProjectConfigurationPlatforms) = postSolution
		{26BA1EB9-1EC3-4B31-8E3D-F76DAC8D8967}.Debug|Any CPU.ActiveCfg = Debug|Any CPU
		{26BA1EB9-1EC3-4B31-8E3D-F76DAC8D8967}.Debug|Any CPU.Build.0 = Debug|Any CPU
		{26BA1EB9-1EC3-4B31-8E3D-F76DAC8D8967}.Release|Any CPU.ActiveCfg = Release|Any CPU
		{26BA1EB9-1EC3-4B31-8E3D-F76DAC8D8967}.Release|Any CPU.Build.0 = Release|Any CPU
	EndGlobalSection
	GlobalSection(SolutionProperties) = preSolution
		HideSolutionNode = FALSE
	EndGlobalSection
	GlobalSection(ExtensibilityGlobals) = postSolution
		SolutionGuid = {572A7D5B-737E-49DB-8AEC-3A74B02787A2}
	EndGlobalSection
EndGlobal
